// !$*UTF8*$!
{
	archiveVersion = 1;
	classes = {
	};
	objectVersion = 46;
	objects = {

/* Begin PBXBuildFile section */
		B24C7B0C1532E15200FCCA05 /* main.cpp in Sources */ = {isa = PBXBuildFile; fileRef = B24C7B0B1532E15200FCCA05 /* main.cpp */; };
		B24C7B0E1532E15200FCCA05 /* VisitorPattern.1 in CopyFiles */ = {isa = PBXBuildFile; fileRef = B24C7B0D1532E15200FCCA05 /* VisitorPattern.1 */; };
/* End PBXBuildFile section */

/* Begin PBXCopyFilesBuildPhase section */
		B24C7B051532E15200FCCA05 /* CopyFiles */ = {
			isa = PBXCopyFilesBuildPhase;
			buildActionMask = 2147483647;
			dstPath = /usr/share/man/man1/;
			dstSubfolderSpec = 0;
			files = (
				B24C7B0E1532E15200FCCA05 /* VisitorPattern.1 in CopyFiles */,
			);
			runOnlyForDeploymentPostprocessing = 1;
		};
/* End PBXCopyFilesBuildPhase section */

/* Begin PBXFileReference section */
		B24C7B071532E15200FCCA05 /* VisitorPattern */ = {isa = PBXFileReference; explicitFileType = "compiled.mach-o.executable"; includeInIndex = 0; path = VisitorPattern; sourceTree = BUILT_PRODUCTS_DIR; };
		B24C7B0B1532E15200FCCA05 /* main.cpp */ = {isa = PBXFileReference; lastKnownFileType = sourcecode.cpp.cpp; path = main.cpp; sourceTree = "<group>"; };
		B24C7B0D1532E15200FCCA05 /* VisitorPattern.1 */ = {isa = PBXFileReference; lastKnownFileType = text.man; path = VisitorPattern.1; sourceTree = "<group>"; };
/* End PBXFileReference section */

/* Begin PBXFrameworksBuildPhase section */
		B24C7B041532E15200FCCA05 /* Frameworks */ = {
			isa = PBXFrameworksBuildPhase;
			buildActionMask = 2147483647;
			files = (
			);
			runOnlyForDeploymentPostprocessing = 0;
		};
/* End PBXFrameworksBuildPhase section */

/* Begin PBXGroup section */
		B24C7AFC1532E15200FCCA05 = {
			isa = PBXGroup;
			children = (
				B24C7B0A1532E15200FCCA05 /* VisitorPattern */,
				B24C7B081532E15200FCCA05 /* Products */,
			);
			sourceTree = "<group>";
		};
		B24C7B081532E15200FCCA05 /* Products */ = {
			isa = PBXGroup;
			children = (
				B24C7B071532E15200FCCA05 /* VisitorPattern */,
			);
			name = Products;
			sourceTree = "<group>";
		};
		B24C7B0A1532E15200FCCA05 /* VisitorPattern */ = {
			isa = PBXGroup;
			children = (
				B24C7B0B1532E15200FCCA05 /* main.cpp */,
				B24C7B0D1532E15200FCCA05 /* VisitorPattern.1 */,
			);
			path = VisitorPattern;
			sourceTree = "<group>";
		};
/* End PBXGroup section */

/* Begin PBXNativeTarget section */
		B24C7B061532E15200FCCA05 /* VisitorPattern */ = {
			isa = PBXNativeTarget;
			buildConfigurationList = B24C7B111532E15200FCCA05 /* Build configuration list for PBXNativeTarget "VisitorPattern" */;
			buildPhases = (
				B24C7B031532E15200FCCA05 /* Sources */,
				B24C7B041532E15200FCCA05 /* Frameworks */,
				B24C7B051532E15200FCCA05 /* CopyFiles */,
			);
			buildRules = (
			);
			dependencies = (
			);
			name = VisitorPattern;
			productName = VisitorPattern;
			productReference = B24C7B071532E15200FCCA05 /* VisitorPattern */;
			productType = "com.apple.product-type.tool";
		};
/* End PBXNativeTarget section */

/* Begin PBXProject section */
		B24C7AFE1532E15200FCCA05 /* Project object */ = {
			isa = PBXProject;
			attributes = {
				LastUpgradeCheck = 0430;
			};
			buildConfigurationList = B24C7B011532E15200FCCA05 /* Build configuration list for PBXProject "VisitorPattern" */;
			compatibilityVersion = "Xcode 3.2";
			developmentRegion = English;
			hasScannedForEncodings = 0;
			knownRegions = (
				en,
			);
			mainGroup = B24C7AFC1532E15200FCCA05;
			productRefGroup = B24C7B081532E15200FCCA05 /* Products */;
			projectDirPath = "";
			projectRoot = "";
			targets = (
				B24C7B061532E15200FCCA05 /* VisitorPattern */,
			);
		};
/* End PBXProject section */

/* Begin PBXSourcesBuildPhase section */
		B24C7B031532E15200FCCA05 /* Sources */ = {
			isa = PBXSourcesBuildPhase;
			buildActionMask = 2147483647;
			files = (
				B24C7B0C1532E15200FCCA05 /* main.cpp in Sources */,
			);
			runOnlyForDeploymentPostprocessing = 0;
		};
/* End PBXSourcesBuildPhase section */

/* Begin XCBuildConfiguration section */
		B24C7B0F1532E15200FCCA05 /* Debug */ = {
			isa = XCBuildConfiguration;
			buildSettings = {
				ALWAYS_SEARCH_USER_PATHS = NO;
				ARCHS = "$(ARCHS_STANDARD_64_BIT)";
				COPY_PHASE_STRIP = NO;
				GCC_C_LANGUAGE_STANDARD = gnu99;
				GCC_DYNAMIC_NO_PIC = NO;
				GCC_ENABLE_OBJC_EXCEPTIONS = YES;
				GCC_OPTIMIZATION_LEVEL = 0;
				GCC_PREPROCESSOR_DEFINITIONS = (
					"DEBUG=1",
					"$(inherited)",
				);
				GCC_SYMBOLS_PRIVATE_EXTERN = NO;
				GCC_VERSION = com.apple.compilers.llvm.clang.1_0;
				GCC_WARN_64_TO_32_BIT_CONVERSION = YES;
				GCC_WARN_ABOUT_RETURN_TYPE = YES;
				GCC_WARN_UNINITIALIZED_AUTOS = YES;
				GCC_WARN_UNUSED_VARIABLE = YES;
				MACOSX_DEPLOYMENT_TARGET = 10.7;
				ONLY_ACTIVE_ARCH = YES;
				SDKROOT = macosx;
			};
			name = Debug;
		};
		B24C7B101532E15200FCCA05 /* Release */ = {
			isa = XCBuildConfiguration;
			buildSettings = {
				ALWAYS_SEARCH_USER_PATHS = NO;
				ARCHS = "$(ARCHS_STANDARD_64_BIT)";
				COPY_PHASE_STRIP = YES;
				DEBUG_INFORMATION_FORMAT = "dwarf-with-dsym";
				GCC_C_LANGUAGE_STANDARD = gnu99;
				GCC_ENABLE_OBJC_EXCEPTIONS = YES;
				GCC_VERSION = com.apple.compilers.llvm.clang.1_0;
				GCC_WARN_64_TO_32_BIT_CONVERSION = YES;
				GCC_WARN_ABOUT_RETURN_TYPE = YES;
				GCC_WARN_UNINITIALIZED_AUTOS = YES;
				GCC_WARN_UNUSED_VARIABLE = YES;
				MACOSX_DEPLOYMENT_TARGET = 10.7;
				SDKROOT = macosx;
			};
			name = Release;
		};
		B24C7B121532E15200FCCA05 /* Debug */ = {
			isa = XCBuildConfiguration;
			buildSettings = {
				PRODUCT_NAME = "$(TARGET_NAME)";
			};
			name = Debug;
		};
		B24C7B131532E15200FCCA05 /* Release */ = {
			isa = XCBuildConfiguration;
			buildSettings = {
				PRODUCT_NAME = "$(TARGET_NAME)";
			};
			name = Release;
		};
/* End XCBuildConfiguration section */

/* Begin XCConfigurationList section */
		B24C7B011532E15200FCCA05 /* Build configuration list for PBXProject "VisitorPattern" */ = {
			isa = XCConfigurationList;
			buildConfigurations = (
				B24C7B0F1532E15200FCCA05 /* Debug */,
				B24C7B101532E15200FCCA05 /* Release */,
			);
			defaultConfigurationIsVisible = 0;
			defaultConfigurationName = Release;
		};
		B24C7B111532E15200FCCA05 /* Build configuration list for PBXNativeTarget "VisitorPattern" */ = {
			isa = XCConfigurationList;
			buildConfigurations = (
				B24C7B121532E15200FCCA05 /* Debug */,
				B24C7B131532E15200FCCA05 /* Release */,
			);
			defaultConfigurationIsVisible = 0;
		};
/* End XCConfigurationList section */
	};
	rootObject = B24C7AFE1532E15200FCCA05 /* Project object */;
}
